
Microsoft Visual Studio Solution File, Format Version 12.00
# Visual Studio Version 17
VisualStudioVersion = 17.9.34728.123
MinimumVisualStudioVersion = 10.0.40219.1
Project("{9A19103F-16F7-4668-BE54-9A1E7A4F7556}") = "BlazorAndSignalR", "BlazorAndSignalR\BlazorAndSignalR.csproj", "{5CD21722-8533-4FAC-8D7F-BC85B545D1C4}"
EndProject
Project("{9A19103F-16F7-4668-BE54-9A1E7A4F7556}") = "BlazorAndSignalR.Client", "BlazorAndSignalR.Client\BlazorAndSignalR.Client.csproj", "{CDECAA30-157A-48DC-B0F2-2623345D92EA}"
EndProject
Project("{9A19103F-16F7-4668-BE54-9A1E7A4F7556}") = "BlazorAndSignalR.Shared", "Blazor.Shared\BlazorAndSignalR.Shared.csproj", "{6016F765-4D0A-4EC2-818C-7B66A66E29E9}"
EndProject
Global
	GlobalSection(SolutionConfigurationPlatforms) = preSolution
		Debug|Any CPU = Debug|Any CPU
		Release|Any CPU = Release|Any CPU
	EndGlobalSection
	GlobalSection(ProjectConfigurationPlatforms) = postSolution
		{5CD21722-8533-4FAC-8D7F-BC85B545D1C4}.Debug|Any CPU.ActiveCfg = Debug|Any CPU
		{5CD21722-8533-4FAC-8D7F-BC85B545D1C4}.Debug|Any CPU.Build.0 = Debug|Any CPU
		{5CD21722-8533-4FAC-8D7F-BC85B545D1C4}.Release|Any CPU.ActiveCfg = Release|Any CPU
		{5CD21722-8533-4FAC-8D7F-BC85B545D1C4}.Release|Any CPU.Build.0 = Release|Any CPU
		{CDECAA30-157A-48DC-B0F2-2623345D92EA}.Debug|Any CPU.ActiveCfg = Debug|Any CPU
		{CDECAA30-157A-48DC-B0F2-2623345D92EA}.Debug|Any CPU.Build.0 = Debug|Any CPU
		{CDECAA30-157A-48DC-B0F2-2623345D92EA}.Release|Any CPU.ActiveCfg = Release|Any CPU
		{CDECAA30-157A-48DC-B0F2-2623345D92EA}.Release|Any CPU.Build.0 = Release|Any CPU
		{6016F765-4D0A-4EC2-818C-7B66A66E29E9}.Debug|Any CPU.ActiveCfg = Debug|Any CPU
		{6016F765-4D0A-4EC2-818C-7B66A66E29E9}.Debug|Any CPU.Build.0 = Debug|Any CPU
		{6016F765-4D0A-4EC2-818C-7B66A66E29E9}.Release|Any CPU.ActiveCfg = Release|Any CPU
		{6016F765-4D0A-4EC2-818C-7B66A66E29E9}.Release|Any CPU.Build.0 = Release|Any CPU
	EndGlobalSection
	GlobalSection(SolutionProperties) = preSolution
		HideSolutionNode = FALSE
	EndGlobalSection
	GlobalSection(ExtensibilityGlobals) = postSolution
		SolutionGuid = {9247FF8E-C73F-4E3E-B925-DDBD46C17DCC}
	EndGlobalSection
EndGlobal
